// !$*UTF8*$!
{
	archiveVersion = 1;
	classes = {
	};
	objectVersion = 56;
	objects = {

/* Begin PBXBuildFile section */
		A1B2C3D41F00000100000001 /* PlaneFuelTrackerApp.swift in Sources */ = {isa = PBXBuildFile; fileRef = A1B2C3D31F00000100000001 /* PlaneFuelTrackerApp.swift */; };
		A1B2C3D61F00000100000001 /* FuelPlannerView.swift in Sources */ = {isa = PBXBuildFile; fileRef = A1B2C3D51F00000100000001 /* FuelPlannerView.swift */; };
		A1B2C3D81F00000100000001 /* FuelPlannerViewModel.swift in Sources */ = {isa = PBXBuildFile; fileRef = A1B2C3D71F00000100000001 /* FuelPlannerViewModel.swift */; };
/* End PBXBuildFile section */

/* Begin PBXFileReference section */
		A1B2C3D01F00000100000001 /* PlaneFuelTracker.app */ = {isa = PBXFileReference; explicitFileType = wrapper.application; includeInIndex = 0; path = PlaneFuelTracker.app; sourceTree = BUILT_PRODUCTS_DIR; };
		A1B2C3D31F00000100000001 /* PlaneFuelTrackerApp.swift */ = {isa = PBXFileReference; lastKnownFileType = sourcecode.swift; path = PlaneFuelTrackerApp.swift; sourceTree = "<group>"; };
		A1B2C3D51F00000100000001 /* FuelPlannerView.swift */ = {isa = PBXFileReference; lastKnownFileType = sourcecode.swift; path = FuelPlannerView.swift; sourceTree = "<group>"; };
		A1B2C3D71F00000100000001 /* FuelPlannerViewModel.swift */ = {isa = PBXFileReference; lastKnownFileType = sourcecode.swift; path = FuelPlannerViewModel.swift; sourceTree = "<group>"; };
/* End PBXFileReference section */

/* Begin PBXFrameworksBuildPhase section */
		A1B2C3DC1F00000100000001 /* Frameworks */ = {
			isa = PBXFrameworksBuildPhase;
			buildActionMask = 2147483647;
			files = (
			);
			runOnlyForDeploymentPostprocessing = 0;
		};
/* End PBXFrameworksBuildPhase section */

/* Begin PBXGroup section */
		A1B2C3CE1F00000100000001 = {
			isa = PBXGroup;
			children = (
				A1B2C3CF1F00000100000001 /* PlaneFuelTracker */,
				A1B2C3D11F00000100000001 /* Products */,
			);
			sourceTree = "<group>";
		};
		A1B2C3CF1F00000100000001 /* PlaneFuelTracker */ = {
			isa = PBXGroup;
			children = (
				A1B2C3D31F00000100000001 /* PlaneFuelTrackerApp.swift */,
				A1B2C3D51F00000100000001 /* FuelPlannerView.swift */,
				A1B2C3D71F00000100000001 /* FuelPlannerViewModel.swift */,
			);
			path = .;
			sourceTree = "<group>";
		};
		A1B2C3D11F00000100000001 /* Products */ = {
			isa = PBXGroup;
			children = (
				A1B2C3D01F00000100000001 /* PlaneFuelTracker.app */,
			);
			name = Products;
			sourceTree = "<group>";
		};
/* End PBXGroup section */

/* Begin PBXNativeTarget section */
		A1B2C3D21F00000100000001 /* PlaneFuelTracker */ = {
			isa = PBXNativeTarget;
			buildConfigurationList = A1B2C3E31F00000100000001 /* Build configuration list for PBXNativeTarget "PlaneFuelTracker" */;
			buildPhases = (
				A1B2C3DA1F00000100000001 /* Sources */,
				A1B2C3DC1F00000100000001 /* Frameworks */,
				A1B2C3DB1F00000100000001 /* Resources */,
			);
			buildRules = (
			);
			dependencies = (
			);
			name = PlaneFuelTracker;
			productName = PlaneFuelTracker;
			productReference = A1B2C3D01F00000100000001 /* PlaneFuelTracker.app */;
			productType = "com.apple.product-type.application";
		};
/* End PBXNativeTarget section */

/* Begin PBXProject section */
		A1B2C3CD1F00000100000001 /* Project object */ = {
			isa = PBXProject;
			attributes = {
				BuildIndependentTargetsInParallel = 1;
				LastSwiftUpdateCheck = 1600;
				LastUpgradeCheck = 1600;
				TargetAttributes = {
					A1B2C3D21F00000100000001 = {
						CreatedOnToolsVersion = 16.0;
					};
				};
			};
			buildConfigurationList = A1B2C3D41F00000200000001 /* Build configuration list for PBXProject "PlaneFuelTracker" */;
			compatibilityVersion = "Xcode 14.0";
			developmentRegion = en;
			hasScannedForEncodings = 0;
			knownRegions = (
				en,
				Base,
			);
			mainGroup = A1B2C3CE1F00000100000001;
			productRefGroup = A1B2C3D11F00000100000001 /* Products */;
			projectDirPath = "";
			projectRoot = "";
			targets = (
				A1B2C3D21F00000100000001 /* PlaneFuelTracker */,
			);
		};
/* End PBXProject section */

/* Begin PBXResourcesBuildPhase section */
		A1B2C3DB1F00000100000001 /* Resources */ = {
			isa = PBXResourcesBuildPhase;
			buildActionMask = 2147483647;
			files = (
			);
			runOnlyForDeploymentPostprocessing = 0;
		};
/* End PBXResourcesBuildPhase section */

/* Begin PBXSourcesBuildPhase section */
		A1B2C3DA1F00000100000001 /* Sources */ = {
			isa = PBXSourcesBuildPhase;
			buildActionMask = 2147483647;
			files = (
				A1B2C3D41F00000100000001 /* PlaneFuelTrackerApp.swift in Sources */,
				A1B2C3D61F00000100000001 /* FuelPlannerView.swift in Sources */,
				A1B2C3D81F00000100000001 /* FuelPlannerViewModel.swift in Sources */,
			);
			runOnlyForDeploymentPostprocessing = 0;
		};
/* End PBXSourcesBuildPhase section */

/* Begin XCBuildConfiguration section */
		A1B2C3DF1F00000100000001 /* Debug */ = {
			isa = XCBuildConfiguration;
			buildSettings = {
				ALWAYS_SEARCH_USER_PATHS = NO;
				CLANG_ENABLE_MODULES = YES;
				CLANG_ENABLE_OBJC_ARC = YES;
				COPY_PHASE_STRIP = NO;
				DEBUG_INFORMATION_FORMAT = dwarf;
				ENABLE_STRICT_OBJC_MSGSEND = YES;
				ENABLE_TESTABILITY = YES;
				GCC_C_LANGUAGE_STANDARD = gnu17;
				GCC_DYNAMIC_NO_PIC = NO;
				GCC_NO_COMMON_BLOCKS = YES;
				GCC_OPTIMIZATION_LEVEL = 0;
				GCC_PREPROCESSOR_DEFINITIONS = (
					"DEBUG=1",
					"$(inherited)",
				);
				IPHONEOS_DEPLOYMENT_TARGET = 17.0;
				MTL_ENABLE_DEBUG_INFO = INCLUDE_SOURCE;
				ONLY_ACTIVE_ARCH = YES;
				SDKROOT = iphoneos;
				SWIFT_ACTIVE_COMPILATION_CONDITIONS = DEBUG;
				SWIFT_OPTIMIZATION_LEVEL = "-Onone";
			};
			name = Debug;
		};
		A1B2C3E01F00000100000001 /* Release */ = {
			isa = XCBuildConfiguration;
			buildSettings = {
				ALWAYS_SEARCH_USER_PATHS = NO;
				CLANG_ENABLE_MODULES = YES;
				CLANG_ENABLE_OBJC_ARC = YES;
				COPY_PHASE_STRIP = NO;
				DEBUG_INFORMATION_FORMAT = "dwarf-with-dsym";
				ENABLE_NS_ASSERTIONS = NO;
				ENABLE_STRICT_OBJC_MSGSEND = YES;
				GCC_C_LANGUAGE_STANDARD = gnu17;
				GCC_NO_COMMON_BLOCKS = YES;
				IPHONEOS_DEPLOYMENT_TARGET = 17.0;
				MTL_ENABLE_DEBUG_INFO = NO;
				SDKROOT = iphoneos;
				SWIFT_COMPILATION_MODE = wholemodule;
				SWIFT_OPTIMIZATION_LEVEL = "-O";
				VALIDATE_PRODUCT = YES;
			};
			name = Release;
		};
		A1B2C3E11F00000100000001 /* Debug */ = {
			isa = XCBuildConfiguration;
			buildSettings = {
				ASSETCATALOG_COMPILER_APPICON_NAME = AppIcon;
				CODE_SIGN_STYLE = Automatic;
				CURRENT_PROJECT_VERSION = 1;
				DEVELOPMENT_TEAM = "";
				ENABLE_PREVIEWS = YES;
				GENERATE_INFOPLIST_FILE = YES;
				INFOPLIST_KEY_CFBundleDisplayName = PlaneFuelTracker;
				INFOPLIST_KEY_UIApplicationSceneManifest_Generation = YES;
				INFOPLIST_KEY_UIApplicationSupportsIndirectInputEvents = YES;
				INFOPLIST_KEY_UILaunchScreen_Generation = YES;
				INFOPLIST_KEY_UISupportedInterfaceOrientations_iPad = "UIInterfaceOrientationPortrait UIInterfaceOrientationPortraitUpsideDown UIInterfaceOrientationLandscapeLeft UIInterfaceOrientationLandscapeRight";
				INFOPLIST_KEY_UISupportedInterfaceOrientations_iPhone = "UIInterfaceOrientationPortrait";
				LD_RUNPATH_SEARCH_PATHS = (
					"$(inherited)",
					"@executable_path/Frameworks",
				);
				MARKETING_VERSION = 1.0;
				PRODUCT_BUNDLE_IDENTIFIER = com.example.PlaneFuelTracker;
				PRODUCT_NAME = "$(TARGET_NAME)";
				SDKROOT = iphoneos;
				SUPPORTED_PLATFORMS = "iphoneos iphonesimulator";
				SWIFT_EMIT_LOC_STRINGS = YES;
				SWIFT_VERSION = 5.0;
				TARGETED_DEVICE_FAMILY = "1,2";
			};
			name = Debug;
		};
		A1B2C3E21F00000100000001 /* Release */ = {
			isa = XCBuildConfiguration;
			buildSettings = {
				ASSETCATALOG_COMPILER_APPICON_NAME = AppIcon;
				CODE_SIGN_STYLE = Automatic;
				CURRENT_PROJECT_VERSION = 1;
				DEVELOPMENT_TEAM = "";
				ENABLE_PREVIEWS = YES;
				GENERATE_INFOPLIST_FILE = YES;
				INFOPLIST_KEY_CFBundleDisplayName = PlaneFuelTracker;
				INFOPLIST_KEY_UIApplicationSceneManifest_Generation = YES;
				INFOPLIST_KEY_UIApplicationSupportsIndirectInputEvents = YES;
				INFOPLIST_KEY_UILaunchScreen_Generation = YES;
				INFOPLIST_KEY_UISupportedInterfaceOrientations_iPad = "UIInterfaceOrientationPortrait UIInterfaceOrientationPortraitUpsideDown UIInterfaceOrientationLandscapeLeft UIInterfaceOrientationLandscapeRight";
				INFOPLIST_KEY_UISupportedInterfaceOrientations_iPhone = "UIInterfaceOrientationPortrait";
				LD_RUNPATH_SEARCH_PATHS = (
					"$(inherited)",
					"@executable_path/Frameworks",
				);
				MARKETING_VERSION = 1.0;
				PRODUCT_BUNDLE_IDENTIFIER = com.example.PlaneFuelTracker;
				PRODUCT_NAME = "$(TARGET_NAME)";
				SDKROOT = iphoneos;
				SUPPORTED_PLATFORMS = "iphoneos iphonesimulator";
				SWIFT_EMIT_LOC_STRINGS = YES;
				SWIFT_VERSION = 5.0;
				TARGETED_DEVICE_FAMILY = "1,2";
			};
			name = Release;
		};
/* End XCBuildConfiguration section */

/* Begin XCConfigurationList section */
		A1B2C3D41F00000200000001 /* Build configuration list for PBXProject "PlaneFuelTracker" */ = {
			isa = XCConfigurationList;
			buildConfigurations = (
				A1B2C3DF1F00000100000001 /* Debug */,
				A1B2C3E01F00000100000001 /* Release */,
			);
			defaultConfigurationIsVisible = 0;
			defaultConfigurationName = Release;
		};
		A1B2C3E31F00000100000001 /* Build configuration list for PBXNativeTarget "PlaneFuelTracker" */ = {
			isa = XCConfigurationList;
			buildConfigurations = (
				A1B2C3E11F00000100000001 /* Debug */,
				A1B2C3E21F00000100000001 /* Release */,
			);
			defaultConfigurationIsVisible = 0;
			defaultConfigurationName = Release;
		};
/* End XCConfigurationList section */
	};
	rootObject = A1B2C3CD1F00000100000001 /* Project object */;
}
